
Microsoft Visual Studio Solution File, Format Version 12.00
# Visual Studio 15
Project("{FAE04EC0-301F-11D3-BF4B-00C04F79EFBC}") = "Chapter3Studio", "Chapter3Studio\Chapter3Studio.csproj", "{D2357C53-0EDE-4B0E-8276-EF571710B25A}"
EndProject
Global
	GlobalSection(SolutionConfigurationPlatforms) = preSolution
		Debug|Any CPU = Debug|Any CPU
		Release|Any CPU = Release|Any CPU
	EndGlobalSection
	GlobalSection(ProjectConfigurationPlatforms) = postSolution
		{D2357C53-0EDE-4B0E-8276-EF571710B25A}.Debug|Any CPU.ActiveCfg = Debug|Any CPU
		{D2357C53-0EDE-4B0E-8276-EF571710B25A}.Debug|Any CPU.Build.0 = Debug|Any CPU
		{D2357C53-0EDE-4B0E-8276-EF571710B25A}.Release|Any CPU.ActiveCfg = Release|Any CPU
		{D2357C53-0EDE-4B0E-8276-EF571710B25A}.Release|Any CPU.Build.0 = Release|Any CPU
	EndGlobalSection
EndGlobal
